
Microsoft Visual Studio Solution File, Format Version 12.00
# Visual Studio 15
Project("{FAE04EC0-301F-11D3-BF4B-00C04F79EFBC}") = "CarlosMoya3B", "CarlosMoya3B\CarlosMoya3B.csproj", "{0AF392B6-C80E-42DD-99B1-9CEBCFDB4100}"
EndProject
Global
	GlobalSection(SolutionConfigurationPlatforms) = preSolution
		Debug|Any CPU = Debug|Any CPU
		Release|Any CPU = Release|Any CPU
	EndGlobalSection
	GlobalSection(ProjectConfigurationPlatforms) = postSolution
		{0AF392B6-C80E-42DD-99B1-9CEBCFDB4100}.Debug|Any CPU.ActiveCfg = Debug|Any CPU
		{0AF392B6-C80E-42DD-99B1-9CEBCFDB4100}.Debug|Any CPU.Build.0 = Debug|Any CPU
		{0AF392B6-C80E-42DD-99B1-9CEBCFDB4100}.Release|Any CPU.ActiveCfg = Release|Any CPU
		{0AF392B6-C80E-42DD-99B1-9CEBCFDB4100}.Release|Any CPU.Build.0 = Release|Any CPU
	EndGlobalSection
EndGlobal
